
Microsoft Visual Studio Solution File, Format Version 12.00
# Visual Studio 15
VisualStudioVersion = 15.0.26730.16
MinimumVisualStudioVersion = 10.0.40219.1
Project("{9A19103F-16F7-4668-BE54-9A1E7A4F7556}") = "SendOwl", "src\SendOwl\SendOwl.csproj", "{2775EC1B-236D-4048-965C-1BDAE82D0DD7}"
EndProject
Project("{9A19103F-16F7-4668-BE54-9A1E7A4F7556}") = "SendOwl.Test", "src\SendOwl.Test\SendOwl.Test.csproj", "{423E867F-E69C-4285-8A29-00D8DD1EB5A1}"
EndProject
Global
	GlobalSection(SolutionConfigurationPlatforms) = preSolution
		Debug|Any CPU = Debug|Any CPU
		Release|Any CPU = Release|Any CPU
	EndGlobalSection
	GlobalSection(ProjectConfigurationPlatforms) = postSolution
		{2775EC1B-236D-4048-965C-1BDAE82D0DD7}.Debug|Any CPU.ActiveCfg = Debug|Any CPU
		{2775EC1B-236D-4048-965C-1BDAE82D0DD7}.Debug|Any CPU.Build.0 = Debug|Any CPU
		{2775EC1B-236D-4048-965C-1BDAE82D0DD7}.Release|Any CPU.ActiveCfg = Release|Any CPU
		{2775EC1B-236D-4048-965C-1BDAE82D0DD7}.Release|Any CPU.Build.0 = Release|Any CPU
		{423E867F-E69C-4285-8A29-00D8DD1EB5A1}.Debug|Any CPU.ActiveCfg = Debug|Any CPU
		{423E867F-E69C-4285-8A29-00D8DD1EB5A1}.Debug|Any CPU.Build.0 = Debug|Any CPU
		{423E867F-E69C-4285-8A29-00D8DD1EB5A1}.Release|Any CPU.ActiveCfg = Release|Any CPU
		{423E867F-E69C-4285-8A29-00D8DD1EB5A1}.Release|Any CPU.Build.0 = Release|Any CPU
	EndGlobalSection
	GlobalSection(SolutionProperties) = preSolution
		HideSolutionNode = FALSE
	EndGlobalSection
	GlobalSection(ExtensibilityGlobals) = postSolution
		SolutionGuid = {11DDB739-0214-483F-9B75-3A85C570896C}
	EndGlobalSection
EndGlobal
